// !$*UTF8*$!
{
	archiveVersion = 1;
	classes = {
	};
	objectVersion = 55;
	objects = {

/* Begin PBXBuildFile section */
		0E526FBB280C3CCF007B453B /* main.cpp in Sources */ = {isa = PBXBuildFile; fileRef = 0E526FBA280C3CCF007B453B /* main.cpp */; };
		0E526FC8280C4895007B453B /* main.cpp in Sources */ = {isa = PBXBuildFile; fileRef = 0E526FC7280C4895007B453B /* main.cpp */; };
		0E526FD4280C5765007B453B /* main.cpp in Sources */ = {isa = PBXBuildFile; fileRef = 0E526FD3280C5765007B453B /* main.cpp */; };
		0E526FDF280C5E29007B453B /* main.cpp in Sources */ = {isa = PBXBuildFile; fileRef = 0E526FDE280C5E29007B453B /* main.cpp */; };
/* End PBXBuildFile section */

/* Begin PBXCopyFilesBuildPhase section */
		0E526FB5280C3CCF007B453B /* CopyFiles */ = {
			isa = PBXCopyFilesBuildPhase;
			buildActionMask = 2147483647;
			dstPath = /usr/share/man/man1/;
			dstSubfolderSpec = 0;
			files = (
			);
			runOnlyForDeploymentPostprocessing = 1;
		};
		0E526FC3280C4895007B453B /* CopyFiles */ = {
			isa = PBXCopyFilesBuildPhase;
			buildActionMask = 2147483647;
			dstPath = /usr/share/man/man1/;
			dstSubfolderSpec = 0;
			files = (
			);
			runOnlyForDeploymentPostprocessing = 1;
		};
		0E526FCF280C5765007B453B /* CopyFiles */ = {
			isa = PBXCopyFilesBuildPhase;
			buildActionMask = 2147483647;
			dstPath = /usr/share/man/man1/;
			dstSubfolderSpec = 0;
			files = (
			);
			runOnlyForDeploymentPostprocessing = 1;
		};
		0E526FDA280C5E29007B453B /* CopyFiles */ = {
			isa = PBXCopyFilesBuildPhase;
			buildActionMask = 2147483647;
			dstPath = /usr/share/man/man1/;
			dstSubfolderSpec = 0;
			files = (
			);
			runOnlyForDeploymentPostprocessing = 1;
		};
/* End PBXCopyFilesBuildPhase section */

/* Begin PBXFileReference section */
		0E526FB7280C3CCF007B453B /* 27.04.22 */ = {isa = PBXFileReference; explicitFileType = "compiled.mach-o.executable"; includeInIndex = 0; path = 27.04.22; sourceTree = BUILT_PRODUCTS_DIR; };
		0E526FBA280C3CCF007B453B /* main.cpp */ = {isa = PBXFileReference; lastKnownFileType = sourcecode.cpp.cpp; path = main.cpp; sourceTree = "<group>"; };
		0E526FC5280C4895007B453B /* 2 */ = {isa = PBXFileReference; explicitFileType = "compiled.mach-o.executable"; includeInIndex = 0; path = 2; sourceTree = BUILT_PRODUCTS_DIR; };
		0E526FC7280C4895007B453B /* main.cpp */ = {isa = PBXFileReference; lastKnownFileType = sourcecode.cpp.cpp; path = main.cpp; sourceTree = "<group>"; };
		0E526FCC280C575A007B453B /* Header.h */ = {isa = PBXFileReference; lastKnownFileType = sourcecode.c.h; path = Header.h; sourceTree = "<group>"; };
		0E526FD1280C5765007B453B /* 3 */ = {isa = PBXFileReference; explicitFileType = "compiled.mach-o.executable"; includeInIndex = 0; path = 3; sourceTree = BUILT_PRODUCTS_DIR; };
		0E526FD3280C5765007B453B /* main.cpp */ = {isa = PBXFileReference; lastKnownFileType = sourcecode.cpp.cpp; path = main.cpp; sourceTree = "<group>"; };
		0E526FDC280C5E29007B453B /* 4 */ = {isa = PBXFileReference; explicitFileType = "compiled.mach-o.executable"; includeInIndex = 0; path = 4; sourceTree = BUILT_PRODUCTS_DIR; };
		0E526FDE280C5E29007B453B /* main.cpp */ = {isa = PBXFileReference; lastKnownFileType = sourcecode.cpp.cpp; path = main.cpp; sourceTree = "<group>"; };
/* End PBXFileReference section */

/* Begin PBXFrameworksBuildPhase section */
		0E526FB4280C3CCF007B453B /* Frameworks */ = {
			isa = PBXFrameworksBuildPhase;
			buildActionMask = 2147483647;
			files = (
			);
			runOnlyForDeploymentPostprocessing = 0;
		};
		0E526FC2280C4895007B453B /* Frameworks */ = {
			isa = PBXFrameworksBuildPhase;
			buildActionMask = 2147483647;
			files = (
			);
			runOnlyForDeploymentPostprocessing = 0;
		};
		0E526FCE280C5765007B453B /* Frameworks */ = {
			isa = PBXFrameworksBuildPhase;
			buildActionMask = 2147483647;
			files = (
			);
			runOnlyForDeploymentPostprocessing = 0;
		};
		0E526FD9280C5E29007B453B /* Frameworks */ = {
			isa = PBXFrameworksBuildPhase;
			buildActionMask = 2147483647;
			files = (
			);
			runOnlyForDeploymentPostprocessing = 0;
		};
/* End PBXFrameworksBuildPhase section */

/* Begin PBXGroup section */
		0E526FAE280C3CCF007B453B = {
			isa = PBXGroup;
			children = (
				0E526FCC280C575A007B453B /* Header.h */,
				0E526FB9280C3CCF007B453B /* 1 */,
				0E526FC6280C4895007B453B /* 2 */,
				0E526FD2280C5765007B453B /* 3 */,
				0E526FDD280C5E29007B453B /* 4 */,
				0E526FB8280C3CCF007B453B /* Products */,
			);
			sourceTree = "<group>";
		};
		0E526FB8280C3CCF007B453B /* Products */ = {
			isa = PBXGroup;
			children = (
				0E526FB7280C3CCF007B453B /* 27.04.22 */,
				0E526FC5280C4895007B453B /* 2 */,
				0E526FD1280C5765007B453B /* 3 */,
				0E526FDC280C5E29007B453B /* 4 */,
			);
			name = Products;
			sourceTree = "<group>";
		};
		0E526FB9280C3CCF007B453B /* 1 */ = {
			isa = PBXGroup;
			children = (
				0E526FBA280C3CCF007B453B /* main.cpp */,
			);
			path = 1;
			sourceTree = "<group>";
		};
		0E526FC6280C4895007B453B /* 2 */ = {
			isa = PBXGroup;
			children = (
				0E526FC7280C4895007B453B /* main.cpp */,
			);
			path = 2;
			sourceTree = "<group>";
		};
		0E526FD2280C5765007B453B /* 3 */ = {
			isa = PBXGroup;
			children = (
				0E526FD3280C5765007B453B /* main.cpp */,
			);
			path = 3;
			sourceTree = "<group>";
		};
		0E526FDD280C5E29007B453B /* 4 */ = {
			isa = PBXGroup;
			children = (
				0E526FDE280C5E29007B453B /* main.cpp */,
			);
			path = 4;
			sourceTree = "<group>";
		};
/* End PBXGroup section */

/* Begin PBXNativeTarget section */
		0E526FB6280C3CCF007B453B /* 27.04.22 */ = {
			isa = PBXNativeTarget;
			buildConfigurationList = 0E526FBE280C3CCF007B453B /* Build configuration list for PBXNativeTarget "27.04.22" */;
			buildPhases = (
				0E526FB3280C3CCF007B453B /* Sources */,
				0E526FB4280C3CCF007B453B /* Frameworks */,
				0E526FB5280C3CCF007B453B /* CopyFiles */,
			);
			buildRules = (
			);
			dependencies = (
			);
			name = 27.04.22;
			productName = 27.04.22;
			productReference = 0E526FB7280C3CCF007B453B /* 27.04.22 */;
			productType = "com.apple.product-type.tool";
		};
		0E526FC4280C4895007B453B /* 2 */ = {
			isa = PBXNativeTarget;
			buildConfigurationList = 0E526FC9280C4895007B453B /* Build configuration list for PBXNativeTarget "2" */;
			buildPhases = (
				0E526FC1280C4895007B453B /* Sources */,
				0E526FC2280C4895007B453B /* Frameworks */,
				0E526FC3280C4895007B453B /* CopyFiles */,
			);
			buildRules = (
			);
			dependencies = (
			);
			name = 2;
			productName = 2;
			productReference = 0E526FC5280C4895007B453B /* 2 */;
			productType = "com.apple.product-type.tool";
		};
		0E526FD0280C5765007B453B /* 3 */ = {
			isa = PBXNativeTarget;
			buildConfigurationList = 0E526FD5280C5765007B453B /* Build configuration list for PBXNativeTarget "3" */;
			buildPhases = (
				0E526FCD280C5765007B453B /* Sources */,
				0E526FCE280C5765007B453B /* Frameworks */,
				0E526FCF280C5765007B453B /* CopyFiles */,
			);
			buildRules = (
			);
			dependencies = (
			);
			name = 3;
			productName = 3;
			productReference = 0E526FD1280C5765007B453B /* 3 */;
			productType = "com.apple.product-type.tool";
		};
		0E526FDB280C5E29007B453B /* 4 */ = {
			isa = PBXNativeTarget;
			buildConfigurationList = 0E526FE0280C5E29007B453B /* Build configuration list for PBXNativeTarget "4" */;
			buildPhases = (
				0E526FD8280C5E29007B453B /* Sources */,
				0E526FD9280C5E29007B453B /* Frameworks */,
				0E526FDA280C5E29007B453B /* CopyFiles */,
			);
			buildRules = (
			);
			dependencies = (
			);
			name = 4;
			productName = 4;
			productReference = 0E526FDC280C5E29007B453B /* 4 */;
			productType = "com.apple.product-type.tool";
		};
/* End PBXNativeTarget section */

/* Begin PBXProject section */
		0E526FAF280C3CCF007B453B /* Project object */ = {
			isa = PBXProject;
			attributes = {
				BuildIndependentTargetsInParallel = 1;
				LastUpgradeCheck = 1330;
				TargetAttributes = {
					0E526FB6280C3CCF007B453B = {
						CreatedOnToolsVersion = 13.3.1;
					};
					0E526FC4280C4895007B453B = {
						CreatedOnToolsVersion = 13.3.1;
					};
					0E526FD0280C5765007B453B = {
						CreatedOnToolsVersion = 13.3.1;
					};
					0E526FDB280C5E29007B453B = {
						CreatedOnToolsVersion = 13.3.1;
					};
				};
			};
			buildConfigurationList = 0E526FB2280C3CCF007B453B /* Build configuration list for PBXProject "27.04.22" */;
			compatibilityVersion = "Xcode 13.0";
			developmentRegion = en;
			hasScannedForEncodings = 0;
			knownRegions = (
				en,
				Base,
			);
			mainGroup = 0E526FAE280C3CCF007B453B;
			productRefGroup = 0E526FB8280C3CCF007B453B /* Products */;
			projectDirPath = "";
			projectRoot = "";
			targets = (
				0E526FB6280C3CCF007B453B /* 27.04.22 */,
				0E526FC4280C4895007B453B /* 2 */,
				0E526FD0280C5765007B453B /* 3 */,
				0E526FDB280C5E29007B453B /* 4 */,
			);
		};
/* End PBXProject section */

/* Begin PBXSourcesBuildPhase section */
		0E526FB3280C3CCF007B453B /* Sources */ = {
			isa = PBXSourcesBuildPhase;
			buildActionMask = 2147483647;
			files = (
				0E526FBB280C3CCF007B453B /* main.cpp in Sources */,
			);
			runOnlyForDeploymentPostprocessing = 0;
		};
		0E526FC1280C4895007B453B /* Sources */ = {
			isa = PBXSourcesBuildPhase;
			buildActionMask = 2147483647;
			files = (
				0E526FC8280C4895007B453B /* main.cpp in Sources */,
			);
			runOnlyForDeploymentPostprocessing = 0;
		};
		0E526FCD280C5765007B453B /* Sources */ = {
			isa = PBXSourcesBuildPhase;
			buildActionMask = 2147483647;
			files = (
				0E526FD4280C5765007B453B /* main.cpp in Sources */,
			);
			runOnlyForDeploymentPostprocessing = 0;
		};
		0E526FD8280C5E29007B453B /* Sources */ = {
			isa = PBXSourcesBuildPhase;
			buildActionMask = 2147483647;
			files = (
				0E526FDF280C5E29007B453B /* main.cpp in Sources */,
			);
			runOnlyForDeploymentPostprocessing = 0;
		};
/* End PBXSourcesBuildPhase section */

/* Begin XCBuildConfiguration section */
		0E526FBC280C3CCF007B453B /* Debug */ = {
			isa = XCBuildConfiguration;
			buildSettings = {
				ALWAYS_SEARCH_USER_PATHS = NO;
				CLANG_ANALYZER_NONNULL = YES;
				CLANG_ANALYZER_NUMBER_OBJECT_CONVERSION = YES_AGGRESSIVE;
				CLANG_CXX_LANGUAGE_STANDARD = "gnu++17";
				CLANG_ENABLE_MODULES = YES;
				CLANG_ENABLE_OBJC_ARC = YES;
				CLANG_ENABLE_OBJC_WEAK = YES;
				CLANG_WARN_BLOCK_CAPTURE_AUTORELEASING = YES;
				CLANG_WARN_BOOL_CONVERSION = YES;
				CLANG_WARN_COMMA = YES;
				CLANG_WARN_CONSTANT_CONVERSION = YES;
				CLANG_WARN_DEPRECATED_OBJC_IMPLEMENTATIONS = YES;
				CLANG_WARN_DIRECT_OBJC_ISA_USAGE = YES_ERROR;
				CLANG_WARN_DOCUMENTATION_COMMENTS = YES;
				CLANG_WARN_EMPTY_BODY = YES;
				CLANG_WARN_ENUM_CONVERSION = YES;
				CLANG_WARN_INFINITE_RECURSION = YES;
				CLANG_WARN_INT_CONVERSION = YES;
				CLANG_WARN_NON_LITERAL_NULL_CONVERSION = YES;
				CLANG_WARN_OBJC_IMPLICIT_RETAIN_SELF = YES;
				CLANG_WARN_OBJC_LITERAL_CONVERSION = YES;
				CLANG_WARN_OBJC_ROOT_CLASS = YES_ERROR;
				CLANG_WARN_QUOTED_INCLUDE_IN_FRAMEWORK_HEADER = YES;
				CLANG_WARN_RANGE_LOOP_ANALYSIS = YES;
				CLANG_WARN_STRICT_PROTOTYPES = YES;
				CLANG_WARN_SUSPICIOUS_MOVE = YES;
				CLANG_WARN_UNGUARDED_AVAILABILITY = YES_AGGRESSIVE;
				CLANG_WARN_UNREACHABLE_CODE = YES;
				CLANG_WARN__DUPLICATE_METHOD_MATCH = YES;
				COPY_PHASE_STRIP = NO;
				DEBUG_INFORMATION_FORMAT = dwarf;
				ENABLE_STRICT_OBJC_MSGSEND = YES;
				ENABLE_TESTABILITY = YES;
				GCC_C_LANGUAGE_STANDARD = gnu11;
				GCC_DYNAMIC_NO_PIC = NO;
				GCC_NO_COMMON_BLOCKS = YES;
				GCC_OPTIMIZATION_LEVEL = 0;
				GCC_PREPROCESSOR_DEFINITIONS = (
					"DEBUG=1",
					"$(inherited)",
				);
				GCC_WARN_64_TO_32_BIT_CONVERSION = YES;
				GCC_WARN_ABOUT_RETURN_TYPE = YES_ERROR;
				GCC_WARN_UNDECLARED_SELECTOR = YES;
				GCC_WARN_UNINITIALIZED_AUTOS = YES_AGGRESSIVE;
				GCC_WARN_UNUSED_FUNCTION = YES;
				GCC_WARN_UNUSED_VARIABLE = YES;
				MACOSX_DEPLOYMENT_TARGET = 12.3;
				MTL_ENABLE_DEBUG_INFO = INCLUDE_SOURCE;
				MTL_FAST_MATH = YES;
				ONLY_ACTIVE_ARCH = YES;
				SDKROOT = macosx;
			};
			name = Debug;
		};
		0E526FBD280C3CCF007B453B /* Release */ = {
			isa = XCBuildConfiguration;
			buildSettings = {
				ALWAYS_SEARCH_USER_PATHS = NO;
				CLANG_ANALYZER_NONNULL = YES;
				CLANG_ANALYZER_NUMBER_OBJECT_CONVERSION = YES_AGGRESSIVE;
				CLANG_CXX_LANGUAGE_STANDARD = "gnu++17";
				CLANG_ENABLE_MODULES = YES;
				CLANG_ENABLE_OBJC_ARC = YES;
				CLANG_ENABLE_OBJC_WEAK = YES;
				CLANG_WARN_BLOCK_CAPTURE_AUTORELEASING = YES;
				CLANG_WARN_BOOL_CONVERSION = YES;
				CLANG_WARN_COMMA = YES;
				CLANG_WARN_CONSTANT_CONVERSION = YES;
				CLANG_WARN_DEPRECATED_OBJC_IMPLEMENTATIONS = YES;
				CLANG_WARN_DIRECT_OBJC_ISA_USAGE = YES_ERROR;
				CLANG_WARN_DOCUMENTATION_COMMENTS = YES;
				CLANG_WARN_EMPTY_BODY = YES;
				CLANG_WARN_ENUM_CONVERSION = YES;
				CLANG_WARN_INFINITE_RECURSION = YES;
				CLANG_WARN_INT_CONVERSION = YES;
				CLANG_WARN_NON_LITERAL_NULL_CONVERSION = YES;
				CLANG_WARN_OBJC_IMPLICIT_RETAIN_SELF = YES;
				CLANG_WARN_OBJC_LITERAL_CONVERSION = YES;
				CLANG_WARN_OBJC_ROOT_CLASS = YES_ERROR;
				CLANG_WARN_QUOTED_INCLUDE_IN_FRAMEWORK_HEADER = YES;
				CLANG_WARN_RANGE_LOOP_ANALYSIS = YES;
				CLANG_WARN_STRICT_PROTOTYPES = YES;
				CLANG_WARN_SUSPICIOUS_MOVE = YES;
				CLANG_WARN_UNGUARDED_AVAILABILITY = YES_AGGRESSIVE;
				CLANG_WARN_UNREACHABLE_CODE = YES;
				CLANG_WARN__DUPLICATE_METHOD_MATCH = YES;
				COPY_PHASE_STRIP = NO;
				DEBUG_INFORMATION_FORMAT = "dwarf-with-dsym";
				ENABLE_NS_ASSERTIONS = NO;
				ENABLE_STRICT_OBJC_MSGSEND = YES;
				GCC_C_LANGUAGE_STANDARD = gnu11;
				GCC_NO_COMMON_BLOCKS = YES;
				GCC_WARN_64_TO_32_BIT_CONVERSION = YES;
				GCC_WARN_ABOUT_RETURN_TYPE = YES_ERROR;
				GCC_WARN_UNDECLARED_SELECTOR = YES;
				GCC_WARN_UNINITIALIZED_AUTOS = YES_AGGRESSIVE;
				GCC_WARN_UNUSED_FUNCTION = YES;
				GCC_WARN_UNUSED_VARIABLE = YES;
				MACOSX_DEPLOYMENT_TARGET = 12.3;
				MTL_ENABLE_DEBUG_INFO = NO;
				MTL_FAST_MATH = YES;
				SDKROOT = macosx;
			};
			name = Release;
		};
		0E526FBF280C3CCF007B453B /* Debug */ = {
			isa = XCBuildConfiguration;
			buildSettings = {
				CODE_SIGN_STYLE = Automatic;
				PRODUCT_NAME = "$(TARGET_NAME)";
			};
			name = Debug;
		};
		0E526FC0280C3CCF007B453B /* Release */ = {
			isa = XCBuildConfiguration;
			buildSettings = {
				CODE_SIGN_STYLE = Automatic;
				PRODUCT_NAME = "$(TARGET_NAME)";
			};
			name = Release;
		};
		0E526FCA280C4895007B453B /* Debug */ = {
			isa = XCBuildConfiguration;
			buildSettings = {
				CODE_SIGN_STYLE = Automatic;
				PRODUCT_NAME = "$(TARGET_NAME)";
			};
			name = Debug;
		};
		0E526FCB280C4895007B453B /* Release */ = {
			isa = XCBuildConfiguration;
			buildSettings = {
				CODE_SIGN_STYLE = Automatic;
				PRODUCT_NAME = "$(TARGET_NAME)";
			};
			name = Release;
		};
		0E526FD6280C5765007B453B /* Debug */ = {
			isa = XCBuildConfiguration;
			buildSettings = {
				CODE_SIGN_STYLE = Automatic;
				PRODUCT_NAME = "$(TARGET_NAME)";
			};
			name = Debug;
		};
		0E526FD7280C5765007B453B /* Release */ = {
			isa = XCBuildConfiguration;
			buildSettings = {
				CODE_SIGN_STYLE = Automatic;
				PRODUCT_NAME = "$(TARGET_NAME)";
			};
			name = Release;
		};
		0E526FE1280C5E29007B453B /* Debug */ = {
			isa = XCBuildConfiguration;
			buildSettings = {
				CODE_SIGN_STYLE = Automatic;
				PRODUCT_NAME = "$(TARGET_NAME)";
			};
			name = Debug;
		};
		0E526FE2280C5E29007B453B /* Release */ = {
			isa = XCBuildConfiguration;
			buildSettings = {
				CODE_SIGN_STYLE = Automatic;
				PRODUCT_NAME = "$(TARGET_NAME)";
			};
			name = Release;
		};
/* End XCBuildConfiguration section */

/* Begin XCConfigurationList section */
		0E526FB2280C3CCF007B453B /* Build configuration list for PBXProject "27.04.22" */ = {
			isa = XCConfigurationList;
			buildConfigurations = (
				0E526FBC280C3CCF007B453B /* Debug */,
				0E526FBD280C3CCF007B453B /* Release */,
			);
			defaultConfigurationIsVisible = 0;
			defaultConfigurationName = Release;
		};
		0E526FBE280C3CCF007B453B /* Build configuration list for PBXNativeTarget "27.04.22" */ = {
			isa = XCConfigurationList;
			buildConfigurations = (
				0E526FBF280C3CCF007B453B /* Debug */,
				0E526FC0280C3CCF007B453B /* Release */,
			);
			defaultConfigurationIsVisible = 0;
			defaultConfigurationName = Release;
		};
		0E526FC9280C4895007B453B /* Build configuration list for PBXNativeTarget "2" */ = {
			isa = XCConfigurationList;
			buildConfigurations = (
				0E526FCA280C4895007B453B /* Debug */,
				0E526FCB280C4895007B453B /* Release */,
			);
			defaultConfigurationIsVisible = 0;
			defaultConfigurationName = Release;
		};
		0E526FD5280C5765007B453B /* Build configuration list for PBXNativeTarget "3" */ = {
			isa = XCConfigurationList;
			buildConfigurations = (
				0E526FD6280C5765007B453B /* Debug */,
				0E526FD7280C5765007B453B /* Release */,
			);
			defaultConfigurationIsVisible = 0;
			defaultConfigurationName = Release;
		};
		0E526FE0280C5E29007B453B /* Build configuration list for PBXNativeTarget "4" */ = {
			isa = XCConfigurationList;
			buildConfigurations = (
				0E526FE1280C5E29007B453B /* Debug */,
				0E526FE2280C5E29007B453B /* Release */,
			);
			defaultConfigurationIsVisible = 0;
			defaultConfigurationName = Release;
		};
/* End XCConfigurationList section */
	};
	rootObject = 0E526FAF280C3CCF007B453B /* Project object */;
}
